Microsoft Visual Studio Solution File, Format Version 11.00
# Visual Studio 2008

Project("{E147017F-87D8-B61B-6863-E330E890FAF3}") = "digitalPrototype", "Assembly-CSharp.csproj", "{C11A1525-54EF-865F-0F10-C5DD84C5E097}"
EndProject
Global
	GlobalSection(SolutionConfigurationPlatforms) = preSolution
		Debug|Any CPU = Debug|Any CPU
		Release|Any CPU = Release|Any CPU
	EndGlobalSection
	GlobalSection(ProjectConfigurationPlatforms) = postSolution
		{C11A1525-54EF-865F-0F10-C5DD84C5E097}.Debug|Any CPU.ActiveCfg = Debug|Any CPU
		{C11A1525-54EF-865F-0F10-C5DD84C5E097}.Debug|Any CPU.Build.0 = Debug|Any CPU
		{C11A1525-54EF-865F-0F10-C5DD84C5E097}.Release|Any CPU.ActiveCfg = Release|Any CPU
		{C11A1525-54EF-865F-0F10-C5DD84C5E097}.Release|Any CPU.Build.0 = Release|Any CPU
	EndGlobalSection
	GlobalSection(SolutionProperties) = preSolution
		HideSolutionNode = FALSE
	EndGlobalSection
																																																																																																				GlobalSection(MonoDevelopProperties) = preSolution
		StartupItem = Assembly-CSharp.csproj
		Policies = $0
		$0.TextStylePolicy = $1
		$1.inheritsSet = null
		$1.scope = text/x-csharp
		$0.CSharpFormattingPolicy = $2
		$2.inheritsSet = Mono
		$2.inheritsScope = text/x-csharp
		$2.scope = text/x-csharp
		$0.TextStylePolicy = $3
		$3.FileWidth = 120
		$3.TabWidth = 4
		$3.IndentWidth = 4
		$3.EolMarker = Unix
		$3.inheritsSet = Mono
		$3.inheritsScope = text/plain
		$3.scope = text/plain
	EndGlobalSection
EndGlobal
